
Microsoft Visual Studio Solution File, Format Version 12.00
# Visual Studio Version 17
VisualStudioVersion = 17.7.34031.279
MinimumVisualStudioVersion = 10.0.40219.1
Project("{FAE04EC0-301F-11D3-BF4B-00C04F79EFBC}") = "Module2.pr", "Module2.pr\Module2.pr.csproj", "{71EE682B-06F5-4A6E-9F81-E93CBE79F71E}"
EndProject
Global
	GlobalSection(SolutionConfigurationPlatforms) = preSolution
		Debug|Any CPU = Debug|Any CPU
		Release|Any CPU = Release|Any CPU
	EndGlobalSection
	GlobalSection(ProjectConfigurationPlatforms) = postSolution
		{71EE682B-06F5-4A6E-9F81-E93CBE79F71E}.Debug|Any CPU.ActiveCfg = Debug|Any CPU
		{71EE682B-06F5-4A6E-9F81-E93CBE79F71E}.Debug|Any CPU.Build.0 = Debug|Any CPU
		{71EE682B-06F5-4A6E-9F81-E93CBE79F71E}.Release|Any CPU.ActiveCfg = Release|Any CPU
		{71EE682B-06F5-4A6E-9F81-E93CBE79F71E}.Release|Any CPU.Build.0 = Release|Any CPU
	EndGlobalSection
	GlobalSection(SolutionProperties) = preSolution
		HideSolutionNode = FALSE
	EndGlobalSection
	GlobalSection(ExtensibilityGlobals) = postSolution
		SolutionGuid = {279B1B74-720E-4F43-A788-4FB4F48EB5E9}
	EndGlobalSection
EndGlobal
